# Verified DGX Spark environment for Switchback.
#
# Captured with `python -m pip freeze --exclude-editable` inside the .venv that
# ran the milestone 1 GPU gate on host gigi-spark:
#
#   NVIDIA GB10 (aarch64, compute capability 12.1), driver 580.142, CUDA 13.0
#   Linux 6.17.0-1018-nvidia, CPython 3.12.3
#
# DO NOT `pip install -r` this file over a working Spark torch install with the
# default index. torch==2.14.0+cu130 comes from download.pytorch.org; resolving
# it from PyPI installs an incompatible generic wheel. Install torch first from
# the NVIDIA-compatible index, then install the rest with this file as a
# constraint. The pinned Transformers release passes both the Qwen adapter
# tests and the stock assisted-generation smoke test.
#
# Regenerate with: python -m pip freeze --exclude-editable
ast_serialize==0.11.1
certifi==2026.7.22
charset-normalizer==3.5.1
cuda-bindings==13.3.1
cuda-pathfinder==1.6.0
cuda-toolkit==13.0.3.0
filelock==3.32.3
fsspec==2026.7.0
hf-xet==1.6.0
huggingface_hub==0.36.2
hypothesis==6.168.0
idna==3.19
iniconfig==2.3.0
Jinja2==3.1.6
librt==0.15.0
MarkupSafe==3.0.3
mpmath==1.3.0
mypy==2.3.1
mypy_extensions==1.1.0
networkx==3.6.1
numpy==2.5.3
nvidia-cublas==13.1.1.3
nvidia-cuda-cupti==13.0.85
nvidia-cuda-nvrtc==13.0.88
nvidia-cuda-runtime==13.0.96
nvidia-cudnn-cu13==9.24.0.43
nvidia-cufft==12.0.0.61
nvidia-cufile==1.15.1.6
nvidia-curand==10.4.0.35
nvidia-cusolver==12.0.4.66
nvidia-cusparse==12.6.3.3
nvidia-cusparselt-cu13==0.8.1
nvidia-nccl-cu13==2.30.7
nvidia-nvjitlink==13.3.33
nvidia-nvshmem-cu13==3.4.5
nvidia-nvtx==13.0.85
packaging==26.3
pathspec==1.1.1
pluggy==1.6.0
Pygments==2.21.0
pytest==9.1.1
PyYAML==6.0.3
regex==2026.9.10
requests==2.34.2
ruff==0.16.7
safetensors==0.8.0
setuptools==84.0.0
sortedcontainers==2.4.0
sympy==1.14.0
tokenizers==0.22.2
torch==2.14.0+cu130
tqdm==4.70.1
transformers==4.57.1
triton==3.8.0
typing_extensions==4.16.0
urllib3==2.7.0
wheel==0.48.0
